
Microsoft Visual Studio Solution File, Format Version 12.00
# Visual Studio 15
VisualStudioVersion = 15.0.28307.1062
MinimumVisualStudioVersion = 10.0.40219.1
Project("{FAE04EC0-301F-11D3-BF4B-00C04F79EFBC}") = "RestaurantInformationSystem", "RestaurantInformationSystem\RestaurantInformationSystem.csproj", "{4172D3F2-7736-4078-8EC5-798C1B4AA6B8}"
EndProject
Global
	GlobalSection(SolutionConfigurationPlatforms) = preSolution
		Debug|Any CPU = Debug|Any CPU
		Release|Any CPU = Release|Any CPU
	EndGlobalSection
	GlobalSection(ProjectConfigurationPlatforms) = postSolution
		{4172D3F2-7736-4078-8EC5-798C1B4AA6B8}.Debug|Any CPU.ActiveCfg = Debug|Any CPU
		{4172D3F2-7736-4078-8EC5-798C1B4AA6B8}.Debug|Any CPU.Build.0 = Debug|Any CPU
		{4172D3F2-7736-4078-8EC5-798C1B4AA6B8}.Release|Any CPU.ActiveCfg = Release|Any CPU
		{4172D3F2-7736-4078-8EC5-798C1B4AA6B8}.Release|Any CPU.Build.0 = Release|Any CPU
	EndGlobalSection
	GlobalSection(SolutionProperties) = preSolution
		HideSolutionNode = FALSE
	EndGlobalSection
	GlobalSection(ExtensibilityGlobals) = postSolution
		SolutionGuid = {06543ED5-CE44-425E-B8C7-56B2016AF825}
	EndGlobalSection
EndGlobal
